
Microsoft Visual Studio Solution File, Format Version 11.00
# Visual Studio 2010
Project("{FAE04EC0-301F-11D3-BF4B-00C04F79EFBC}") = "Go Home", "Assembly-CSharp.csproj", "{9CEF414D-4A1A-6FCE-A58D-6D21F9D0AA14}"
EndProject
Global
	GlobalSection(SolutionConfigurationPlatforms) = preSolution
		Debug|Any CPU = Debug|Any CPU
		Release|Any CPU = Release|Any CPU
	EndGlobalSection
	GlobalSection(ProjectConfigurationPlatforms) = postSolution
		{9CEF414D-4A1A-6FCE-A58D-6D21F9D0AA14}.Debug|Any CPU.ActiveCfg = Debug|Any CPU
		{9CEF414D-4A1A-6FCE-A58D-6D21F9D0AA14}.Debug|Any CPU.Build.0 = Debug|Any CPU
		{9CEF414D-4A1A-6FCE-A58D-6D21F9D0AA14}.Release|Any CPU.ActiveCfg = Release|Any CPU
		{9CEF414D-4A1A-6FCE-A58D-6D21F9D0AA14}.Release|Any CPU.Build.0 = Release|Any CPU
	EndGlobalSection
	GlobalSection(SolutionProperties) = preSolution
		HideSolutionNode = FALSE
	EndGlobalSection
	GlobalSection(MonoDevelopProperties) = preSolution
		StartupItem = Assembly-CSharp.csproj
	EndGlobalSection
EndGlobal
